# THIS IS AN AUTOGENERATED FILE. DO NOT EDIT THIS FILE DIRECTLY.
# yarn lockfile v1


ajv-keywords@^3.4.1:
  version "3.4.1"
  resolved "https://r.cnpmjs.org/ajv-keywords/download/ajv-keywords-3.4.1.tgz#ef916e271c64ac12171fd8384eaae6b2345854da"
  integrity sha1-75FuJxxkrBIXH9g4TqrmsjRYVNo=

ajv@^6.10.2:
  version "6.10.2"
  resolved "https://r.cnpmjs.org/ajv/download/ajv-6.10.2.tgz#d3cea04d6b017b2894ad69040fec8b623eb4bd52"
  integrity sha1-086gTWsBeyiUrWkED+yLYj60vVI=
  dependencies:
    fast-deep-equal "^2.0.1"
    fast-json-stable-stringify "^2.0.0"
    json-schema-traverse "^0.4.1"
    uri-js "^4.2.2"

ansi-styles@^3.2.1:
  version "3.2.1"
  resolved "https://r.cnpmjs.org/ansi-styles/download/ansi-styles-3.2.1.tgz#41fbb20243e50b12be0f04b8dedbf07520ce841d"
  integrity sha1-QfuyAkPlCxK+DwS43tvwdSDOhB0=
  dependencies:
    color-convert "^1.9.0"

ast-types@0.9.6:
  version "0.9.6"
  resolved "https://r.cnpmjs.org/ast-types/download/ast-types-0.9.6.tgz#102c9e9e9005d3e7e3829bf0c4fa24ee862ee9b9"
  integrity sha1-ECyenpAF0+fjgpvwxPok7oYu6bk=

babel-runtime@^6.26.0:
  version "6.26.0"
  resolved "https://r.cnpmjs.org/babel-runtime/download/babel-runtime-6.26.0.tgz#965c7058668e82b55d7bfe04ff2337bc8b5647fe"
  integrity sha1-llxwWGaOgrVde/4E/yM3vItWR/4=
  dependencies:
    core-js "^2.4.0"
    regenerator-runtime "^0.11.0"

big.js@^5.2.2:
  version "5.2.2"
  resolved "https://r.cnpmjs.org/big.js/download/big.js-5.2.2.tgz#65f0af382f578bcdc742bd9c281e9cb2d7768328"
  integrity sha1-ZfCvOC9Xi83HQr2cKB6cstd2gyg=

btoa@^1.2.1:
  version "1.2.1"
  resolved "https://r.cnpmjs.org/btoa/download/btoa-1.2.1.tgz#01a9909f8b2c93f6bf680ba26131eb30f7fa3d73"
  integrity sha1-AamQn4ssk/a/aAuiYTHrMPf6PXM=

camel-case@3.0.x:
  version "3.0.0"
  resolved "https://r.cnpmjs.org/camel-case/download/camel-case-3.0.0.tgz#ca3c3688a4e9cf3a4cda777dc4dcbc713249cf73"
  integrity sha1-yjw2iKTpzzpM2nd9xNy8cTJJz3M=
  dependencies:
    no-case "^2.2.0"
    upper-case "^1.1.1"

camelcase@^5.3.1:
  version "5.3.1"
  resolved "https://r.cnpmjs.org/camelcase/download/camelcase-5.3.1.tgz#e3c9b31569e106811df242f715725a1f4c494320"
  integrity sha1-48mzFWnhBoEd8kL3FXJaH0xJQyA=

chalk@^2.4.2:
  version "2.4.2"
  resolved "https://r.cnpmjs.org/chalk/download/chalk-2.4.2.tgz#cd42541677a54333cf541a49108c1432b44c9424"
  integrity sha1-zUJUFnelQzPPVBpJEIwUMrRMlCQ=
  dependencies:
    ansi-styles "^3.2.1"
    escape-string-regexp "^1.0.5"
    supports-color "^5.3.0"

clean-css@4.2.x:
  version "4.2.1"
  resolved "https://r.cnpmjs.org/clean-css/download/clean-css-4.2.1.tgz#2d411ef76b8569b6d0c84068dabe85b0aa5e5c17"
  integrity sha1-LUEe92uFabbQyEBo2r6FsKpeXBc=
  dependencies:
    source-map "~0.6.0"

color-convert@^1.9.0:
  version "1.9.3"
  resolved "https://r.cnpmjs.org/color-convert/download/color-convert-1.9.3.tgz#bb71850690e1f136567de629d2d5471deda4c1e8"
  integrity sha1-u3GFBpDh8TZWfeYp0tVHHe2kweg=
  dependencies:
    color-name "1.1.3"

color-name@1.1.3:
  version "1.1.3"
  resolved "https://r.cnpmjs.org/color-name/download/color-name-1.1.3.tgz#a7d0558bd89c42f795dd42328f740831ca53bc25"
  integrity sha1-p9BVi9icQveV3UIyj3QIMcpTvCU=

commander@2.17.x:
  version "2.17.1"
  resolved "https://r.cnpmjs.org/commander/download/commander-2.17.1.tgz#bd77ab7de6de94205ceacc72f1716d29f20a77bf"
  integrity sha1-vXerfebelCBc6sxy8XFtKfIKd78=

commander@~2.19.0:
  version "2.19.0"
  resolved "https://r.cnpmjs.org/commander/download/commander-2.19.0.tgz#f6198aa84e5b83c46054b94ddedbfed5ee9ff12a"
  integrity sha1-9hmKqE5bg8RgVLlN3tv+1e6f8So=

core-js@^2.4.0:
  version "2.6.10"
  resolved "https://r.cnpmjs.org/core-js/download/core-js-2.6.10.tgz#8a5b8391f8cc7013da703411ce5b585706300d7f"
  integrity sha1-iluDkfjMcBPacDQRzltYVwYwDX8=

css-loader@^3.2.0:
  version "3.2.0"
  resolved "https://r.cnpmjs.org/css-loader/download/css-loader-3.2.0.tgz#bb570d89c194f763627fcf1f80059c6832d009b2"
  integrity sha1-u1cNicGU92Nif88fgAWcaDLQCbI=
  dependencies:
    camelcase "^5.3.1"
    cssesc "^3.0.0"
    icss-utils "^4.1.1"
    loader-utils "^1.2.3"
    normalize-path "^3.0.0"
    postcss "^7.0.17"
    postcss-modules-extract-imports "^2.0.0"
    postcss-modules-local-by-default "^3.0.2"
    postcss-modules-scope "^2.1.0"
    postcss-modules-values "^3.0.0"
    postcss-value-parser "^4.0.0"
    schema-utils "^2.0.0"

cssesc@^3.0.0:
  version "3.0.0"
  resolved "https://r.cnpmjs.org/cssesc/download/cssesc-3.0.0.tgz#37741919903b868565e1c09ea747445cd18983ee"
  integrity sha1-N3QZGZA7hoVl4cCep0dEXNGJg+4=

emojis-list@^2.0.0:
  version "2.1.0"
  resolved "https://r.cnpmjs.org/emojis-list/download/emojis-list-2.1.0.tgz#4daa4d9db00f9819880c79fa457ae5b09a1fd389"
  integrity sha1-TapNnbAPmBmIDHn6RXrlsJof04k=

es6-templates@^0.2.3:
  version "0.2.3"
  resolved "https://r.cnpmjs.org/es6-templates/download/es6-templates-0.2.3.tgz#5cb9ac9fb1ded6eb1239342b81d792bbb4078ee4"
  integrity sha1-XLmsn7He1usSOTQrgdeSu7QHjuQ=
  dependencies:
    recast "~0.11.12"
    through "~2.3.6"

escape-string-regexp@^1.0.5:
  version "1.0.5"
  resolved "https://r.cnpmjs.org/escape-string-regexp/download/escape-string-regexp-1.0.5.tgz#1b61c0562190a8dff6ae3bb2cf0200ca130b86d4"
  integrity sha1-G2HAViGQqN/2rjuyzwIAyhMLhtQ=

esprima@~3.1.0:
  version "3.1.3"
  resolved "https://r.cnpmjs.org/esprima/download/esprima-3.1.3.tgz#fdca51cee6133895e3c88d535ce49dbff62a4633"
  integrity sha1-/cpRzuYTOJXjyI1TXOSdv/YqRjM=

extract-loader@^3.1.0:
  version "3.1.0"
  resolved "https://r.cnpmjs.org/extract-loader/download/extract-loader-3.1.0.tgz#d4b5fe517b9d28f035852602caeb4a215ea41dc3"
  integrity sha1-1LX+UXudKPA1hSYCyutKIV6kHcM=
  dependencies:
    babel-runtime "^6.26.0"
    btoa "^1.2.1"
    loader-utils "^1.1.0"
    resolve "^1.8.1"

fast-deep-equal@^2.0.1:
  version "2.0.1"
  resolved "https://r.cnpmjs.org/fast-deep-equal/download/fast-deep-equal-2.0.1.tgz#7b05218ddf9667bf7f370bf7fdb2cb15fdd0aa49"
  integrity sha1-ewUhjd+WZ79/Nwv3/bLLFf3Qqkk=

fast-json-stable-stringify@^2.0.0:
  version "2.0.0"
  resolved "https://r.cnpmjs.org/fast-json-stable-stringify/download/fast-json-stable-stringify-2.0.0.tgz#d5142c0caee6b1189f87d3a76111064f86c8bbf2"
  integrity sha1-1RQsDK7msRifh9OnYREGT4bIu/I=

fastparse@^1.1.1:
  version "1.1.2"
  resolved "https://r.cnpmjs.org/fastparse/download/fastparse-1.1.2.tgz#91728c5a5942eced8531283c79441ee4122c35a9"
  integrity sha1-kXKMWllC7O2FMSg8eUQe5BIsNak=

file-loader@^4.2.0:
  version "4.2.0"
  resolved "https://r.cnpmjs.org/file-loader/download/file-loader-4.2.0.tgz#5fb124d2369d7075d70a9a5abecd12e60a95215e"
  integrity sha1-X7Ek0jadcHXXCppavs0S5gqVIV4=
  dependencies:
    loader-utils "^1.2.3"
    schema-utils "^2.0.0"

has-flag@^3.0.0:
  version "3.0.0"
  resolved "https://r.cnpmjs.org/has-flag/download/has-flag-3.0.0.tgz#b5d454dc2199ae225699f3467e5a07f3b955bafd"
  integrity sha1-tdRU3CGZriJWmfNGfloH87lVuv0=

he@1.2.x:
  version "1.2.0"
  resolved "https://r.cnpmjs.org/he/download/he-1.2.0.tgz#84ae65fa7eafb165fddb61566ae14baf05664f0f"
  integrity sha1-hK5l+n6vsWX922FWauFLrwVmTw8=

html-loader@^0.5.5:
  version "0.5.5"
  resolved "https://r.cnpmjs.org/html-loader/download/html-loader-0.5.5.tgz#6356dbeb0c49756d8ebd5ca327f16ff06ab5faea"
  integrity sha1-Y1bb6wxJdW2OvVyjJ/Fv8Gq1+uo=
  dependencies:
    es6-templates "^0.2.3"
    fastparse "^1.1.1"
    html-minifier "^3.5.8"
    loader-utils "^1.1.0"
    object-assign "^4.1.1"

html-minifier@^3.5.8:
  version "3.5.21"
  resolved "https://r.cnpmjs.org/html-minifier/download/html-minifier-3.5.21.tgz#d0040e054730e354db008463593194015212d20c"
  integrity sha1-0AQOBUcw41TbAIRjWTGUAVIS0gw=
  dependencies:
    camel-case "3.0.x"
    clean-css "4.2.x"
    commander "2.17.x"
    he "1.2.x"
    param-case "2.1.x"
    relateurl "0.2.x"
    uglify-js "3.4.x"

icss-utils@^4.0.0, icss-utils@^4.1.1:
  version "4.1.1"
  resolved "https://r.cnpmjs.org/icss-utils/download/icss-utils-4.1.1.tgz#21170b53789ee27447c2f47dd683081403f9a467"
  integrity sha1-IRcLU3ie4nRHwvR91oMIFAP5pGc=
  dependencies:
    postcss "^7.0.14"

indexes-of@^1.0.1:
  version "1.0.1"
  resolved "https://r.cnpmjs.org/indexes-of/download/indexes-of-1.0.1.tgz#f30f716c8e2bd346c7b67d3df3915566a7c05607"
  integrity sha1-8w9xbI4r00bHtn0985FVZqfAVgc=

json-schema-traverse@^0.4.1:
  version "0.4.1"
  resolved "https://r.cnpmjs.org/json-schema-traverse/download/json-schema-traverse-0.4.1.tgz#69f6a87d9513ab8bb8fe63bdb0979c448e684660"
  integrity sha1-afaofZUTq4u4/mO9sJecRI5oRmA=

json5@^1.0.1:
  version "1.0.2"
  resolved "https://registry.yarnpkg.com/json5/-/json5-1.0.2.tgz#63d98d60f21b313b77c4d6da18bfa69d80e1d593"
  integrity sha512-g1MWMLBiz8FKi1e4w0UyVL3w+iJceWAFBAaBnnGKOpNa5f8TLktkbre1+s6oICydWAm+HRUGTmI+//xv2hvXYA==
  dependencies:
    minimist "^1.2.0"

loader-utils@^1.1.0, loader-utils@^1.2.3:
  version "1.2.3"
  resolved "https://r.cnpmjs.org/loader-utils/download/loader-utils-1.2.3.tgz#1ff5dc6911c9f0a062531a4c04b609406108c2c7"
  integrity sha1-H/XcaRHJ8KBiUxpMBLYJQGEIwsc=
  dependencies:
    big.js "^5.2.2"
    emojis-list "^2.0.0"
    json5 "^1.0.1"

lower-case@^1.1.1:
  version "1.1.4"
  resolved "https://r.cnpmjs.org/lower-case/download/lower-case-1.1.4.tgz#9a2cabd1b9e8e0ae993a4bf7d5875c39c42e8eac"
  integrity sha1-miyr0bno4K6ZOkv31YdcOcQujqw=

minimist@^1.2.0:
  version "1.2.7"
  resolved "https://registry.yarnpkg.com/minimist/-/minimist-1.2.7.tgz#daa1c4d91f507390437c6a8bc01078e7000c4d18"
  integrity sha512-bzfL1YUZsP41gmu/qjrEk0Q6i2ix/cVeAhbCbqH9u3zYutS1cLg00qhrD0M2MVdCcx4Sc0UpP2eBWo9rotpq6g==

no-case@^2.2.0:
  version "2.3.2"
  resolved "https://r.cnpmjs.org/no-case/download/no-case-2.3.2.tgz#60b813396be39b3f1288a4c1ed5d1e7d28b464ac"
  integrity sha1-YLgTOWvjmz8SiKTB7V0efSi0ZKw=
  dependencies:
    lower-case "^1.1.1"

normalize-path@^3.0.0:
  version "3.0.0"
  resolved "https://r.cnpmjs.org/normalize-path/download/normalize-path-3.0.0.tgz#0dcd69ff23a1c9b11fd0978316644a0388216a65"
  integrity sha1-Dc1p/yOhybEf0JeDFmRKA4ghamU=

object-assign@^4.1.1:
  version "4.1.1"
  resolved "https://r.cnpmjs.org/object-assign/download/object-assign-4.1.1.tgz#2109adc7965887cfc05cbbd442cac8bfbb360863"
  integrity sha1-IQmtx5ZYh8/AXLvUQsrIv7s2CGM=

param-case@2.1.x:
  version "2.1.1"
  resolved "https://r.cnpmjs.org/param-case/download/param-case-2.1.1.tgz#df94fd8cf6531ecf75e6bef9a0858fbc72be2247"
  integrity sha1-35T9jPZTHs915r75oIWPvHK+Ikc=
  dependencies:
    no-case "^2.2.0"

path-parse@^1.0.6:
  version "1.0.6"
  resolved "https://r.cnpmjs.org/path-parse/download/path-parse-1.0.6.tgz#d62dbb5679405d72c4737ec58600e9ddcf06d24c"
  integrity sha1-1i27VnlAXXLEc37FhgDp3c8G0kw=

postcss-modules-extract-imports@^2.0.0:
  version "2.0.0"
  resolved "https://r.cnpmjs.org/postcss-modules-extract-imports/download/postcss-modules-extract-imports-2.0.0.tgz#818719a1ae1da325f9832446b01136eeb493cd7e"
  integrity sha1-gYcZoa4doyX5gyRGsBE27rSTzX4=
  dependencies:
    postcss "^7.0.5"

postcss-modules-local-by-default@^3.0.2:
  version "3.0.2"
  resolved "https://r.cnpmjs.org/postcss-modules-local-by-default/download/postcss-modules-local-by-default-3.0.2.tgz#e8a6561be914aaf3c052876377524ca90dbb7915"
  integrity sha1-6KZWG+kUqvPAUodjd1JMqQ27eRU=
  dependencies:
    icss-utils "^4.1.1"
    postcss "^7.0.16"
    postcss-selector-parser "^6.0.2"
    postcss-value-parser "^4.0.0"

postcss-modules-scope@^2.1.0:
  version "2.1.0"
  resolved "https://r.cnpmjs.org/postcss-modules-scope/download/postcss-modules-scope-2.1.0.tgz#ad3f5bf7856114f6fcab901b0502e2a2bc39d4eb"
  integrity sha1-rT9b94VhFPb8q5AbBQLiorw51Os=
  dependencies:
    postcss "^7.0.6"
    postcss-selector-parser "^6.0.0"

postcss-modules-values@^3.0.0:
  version "3.0.0"
  resolved "https://r.cnpmjs.org/postcss-modules-values/download/postcss-modules-values-3.0.0.tgz#5b5000d6ebae29b4255301b4a3a54574423e7f10"
  integrity sha1-W1AA1uuuKbQlUwG0o6VFdEI+fxA=
  dependencies:
    icss-utils "^4.0.0"
    postcss "^7.0.6"

postcss-selector-parser@^6.0.0, postcss-selector-parser@^6.0.2:
  version "6.0.2"
  resolved "https://r.cnpmjs.org/postcss-selector-parser/download/postcss-selector-parser-6.0.2.tgz#934cf799d016c83411859e09dcecade01286ec5c"
  integrity sha1-k0z3mdAWyDQRhZ4J3Oyt4BKG7Fw=
  dependencies:
    cssesc "^3.0.0"
    indexes-of "^1.0.1"
    uniq "^1.0.1"

postcss-value-parser@^4.0.0:
  version "4.0.2"
  resolved "https://r.cnpmjs.org/postcss-value-parser/download/postcss-value-parser-4.0.2.tgz#482282c09a42706d1fc9a069b73f44ec08391dc9"
  integrity sha1-SCKCwJpCcG0fyaBptz9E7Ag5Hck=

postcss@^7.0.14, postcss@^7.0.16, postcss@^7.0.17, postcss@^7.0.5, postcss@^7.0.6:
  version "7.0.21"
  resolved "https://r.cnpmjs.org/postcss/download/postcss-7.0.21.tgz#06bb07824c19c2021c5d056d5b10c35b989f7e17"
  integrity sha1-BrsHgkwZwgIcXQVtWxDDW5iffhc=
  dependencies:
    chalk "^2.4.2"
    source-map "^0.6.1"
    supports-color "^6.1.0"

private@~0.1.5:
  version "0.1.8"
  resolved "https://r.cnpmjs.org/private/download/private-0.1.8.tgz#2381edb3689f7a53d653190060fcf822d2f368ff"
  integrity sha1-I4Hts2ifelPWUxkAYPz4ItLzaP8=

punycode@^2.1.0:
  version "2.1.1"
  resolved "https://r.cnpmjs.org/punycode/download/punycode-2.1.1.tgz#b58b010ac40c22c5657616c8d2c2c02c7bf479ec"
  integrity sha1-tYsBCsQMIsVldhbI0sLALHv0eew=

recast@~0.11.12:
  version "0.11.23"
  resolved "https://r.cnpmjs.org/recast/download/recast-0.11.23.tgz#451fd3004ab1e4df9b4e4b66376b2a21912462d3"
  integrity sha1-RR/TAEqx5N+bTktmN2sqIZEkYtM=
  dependencies:
    ast-types "0.9.6"
    esprima "~3.1.0"
    private "~0.1.5"
    source-map "~0.5.0"

regenerator-runtime@^0.11.0:
  version "0.11.1"
  resolved "https://r.cnpmjs.org/regenerator-runtime/download/regenerator-runtime-0.11.1.tgz#be05ad7f9bf7d22e056f9726cee5017fbf19e2e9"
  integrity sha1-vgWtf5v30i4Fb5cmzuUBf78Z4uk=

relateurl@0.2.x:
  version "0.2.7"
  resolved "https://r.cnpmjs.org/relateurl/download/relateurl-0.2.7.tgz#54dbf377e51440aca90a4cd274600d3ff2d888a9"
  integrity sha1-VNvzd+UUQKypCkzSdGANP/LYiKk=

resolve@^1.8.1:
  version "1.12.0"
  resolved "https://r.cnpmjs.org/resolve/download/resolve-1.12.0.tgz#3fc644a35c84a48554609ff26ec52b66fa577df6"
  integrity sha1-P8ZEo1yEpIVUYJ/ybsUrZvpXffY=
  dependencies:
    path-parse "^1.0.6"

schema-utils@^2.0.0, schema-utils@^2.0.1:
  version "2.5.0"
  resolved "https://r.cnpmjs.org/schema-utils/download/schema-utils-2.5.0.tgz#8f254f618d402cc80257486213c8970edfd7c22f"
  integrity sha1-jyVPYY1ALMgCV0hiE8iXDt/Xwi8=
  dependencies:
    ajv "^6.10.2"
    ajv-keywords "^3.4.1"

source-map@^0.6.1, source-map@~0.6.0, source-map@~0.6.1:
  version "0.6.1"
  resolved "https://r.cnpmjs.org/source-map/download/source-map-0.6.1.tgz#74722af32e9614e9c287a8d0bbde48b5e2f1a263"
  integrity sha1-dHIq8y6WFOnCh6jQu95IteLxomM=

source-map@~0.5.0:
  version "0.5.7"
  resolved "https://r.cnpmjs.org/source-map/download/source-map-0.5.7.tgz#8a039d2d1021d22d1ea14c80d8ea468ba2ef3fcc"
  integrity sha1-igOdLRAh0i0eoUyA2OpGi6LvP8w=

style-loader@^1.0.0:
  version "1.0.0"
  resolved "https://r.cnpmjs.org/style-loader/download/style-loader-1.0.0.tgz#1d5296f9165e8e2c85d24eee0b7caf9ec8ca1f82"
  integrity sha1-HVKW+RZejiyF0k7uC3yvnsjKH4I=
  dependencies:
    loader-utils "^1.2.3"
    schema-utils "^2.0.1"

supports-color@^5.3.0:
  version "5.5.0"
  resolved "https://r.cnpmjs.org/supports-color/download/supports-color-5.5.0.tgz#e2e69a44ac8772f78a1ec0b35b689df6530efc8f"
  integrity sha1-4uaaRKyHcveKHsCzW2id9lMO/I8=
  dependencies:
    has-flag "^3.0.0"

supports-color@^6.1.0:
  version "6.1.0"
  resolved "https://r.cnpmjs.org/supports-color/download/supports-color-6.1.0.tgz#0764abc69c63d5ac842dd4867e8d025e880df8f3"
  integrity sha1-B2Srxpxj1ayELdSGfo0CXogN+PM=
  dependencies:
    has-flag "^3.0.0"

through@~2.3.6:
  version "2.3.8"
  resolved "https://r.cnpmjs.org/through/download/through-2.3.8.tgz#0dd4c9ffaabc357960b1b724115d7e0e86a2e1f5"
  integrity sha1-DdTJ/6q8NXlgsbckEV1+Doai4fU=

uglify-js@3.4.x:
  version "3.4.10"
  resolved "https://r.cnpmjs.org/uglify-js/download/uglify-js-3.4.10.tgz#9ad9563d8eb3acdfb8d38597d2af1d815f6a755f"
  integrity sha1-mtlWPY6zrN+404WX0q8dgV9qdV8=
  dependencies:
    commander "~2.19.0"
    source-map "~0.6.1"

uniq@^1.0.1:
  version "1.0.1"
  resolved "https://r.cnpmjs.org/uniq/download/uniq-1.0.1.tgz#b31c5ae8254844a3a8281541ce2b04b865a734ff"
  integrity sha1-sxxa6CVIRKOoKBVBzisEuGWnNP8=

upper-case@^1.1.1:
  version "1.1.3"
  resolved "https://r.cnpmjs.org/upper-case/download/upper-case-1.1.3.tgz#f6b4501c2ec4cdd26ba78be7222961de77621598"
  integrity sha1-9rRQHC7EzdJrp4vnIilh3ndiFZg=

uri-js@^4.2.2:
  version "4.2.2"
  resolved "https://r.cnpmjs.org/uri-js/download/uri-js-4.2.2.tgz#94c540e1ff772956e2299507c010aea6c8838eb0"
  integrity sha1-lMVA4f93KVbiKZUHwBCupsiDjrA=
  dependencies:
    punycode "^2.1.0"
